{
  "pins" : [
    {
      "identity" : "jgprogresshud",
      "kind" : "remoteSourceControl",
      "location" : "https://github.com/JonasGessner/JGProgressHUD.git",
      "state" : {
        "revision" : "78d7cd35f1d90ff74fd82e486f2cbe4b24be8cf9",
        "version" : "2.2.0"
      }
    },
    {
      "identity" : "sdwebimage",
      "kind" : "remoteSourceControl",
      "location" : "https://github.com/SDWebImage/SDWebImage.git",
      "state" : {
        "revision" : "f6afa0132961d593f07970d84e2d8b588c29ea04",
        "version" : "5.19.1"
      }
    }
  ],
  "version" : 2
}
